
Microsoft Visual Studio Solution File, Format Version 12.00
# Visual Studio Version 16
VisualStudioVersion = 16.0.30907.101
MinimumVisualStudioVersion = 10.0.40219.1
Project("{9A19103F-16F7-4668-BE54-9A1E7A4F7556}") = "GemeinsamerTeiler", "GemeinsamerTeiler\GemeinsamerTeiler.csproj", "{33E7E56C-4F48-48BE-A46F-D13D2AE62C6A}"
EndProject
Project("{FAE04EC0-301F-11D3-BF4B-00C04F79EFBC}") = "MyMath", "MyMath\MyMath.csproj", "{6A348817-58DF-45E9-9795-A20D9A57D311}"
EndProject
Global
	GlobalSection(SolutionConfigurationPlatforms) = preSolution
		Debug|Any CPU = Debug|Any CPU
		Release|Any CPU = Release|Any CPU
	EndGlobalSection
	GlobalSection(ProjectConfigurationPlatforms) = postSolution
		{33E7E56C-4F48-48BE-A46F-D13D2AE62C6A}.Debug|Any CPU.ActiveCfg = Debug|Any CPU
		{33E7E56C-4F48-48BE-A46F-D13D2AE62C6A}.Debug|Any CPU.Build.0 = Debug|Any CPU
		{33E7E56C-4F48-48BE-A46F-D13D2AE62C6A}.Release|Any CPU.ActiveCfg = Release|Any CPU
		{33E7E56C-4F48-48BE-A46F-D13D2AE62C6A}.Release|Any CPU.Build.0 = Release|Any CPU
		{6A348817-58DF-45E9-9795-A20D9A57D311}.Debug|Any CPU.ActiveCfg = Debug|Any CPU
		{6A348817-58DF-45E9-9795-A20D9A57D311}.Debug|Any CPU.Build.0 = Debug|Any CPU
		{6A348817-58DF-45E9-9795-A20D9A57D311}.Release|Any CPU.ActiveCfg = Release|Any CPU
		{6A348817-58DF-45E9-9795-A20D9A57D311}.Release|Any CPU.Build.0 = Release|Any CPU
	EndGlobalSection
	GlobalSection(SolutionProperties) = preSolution
		HideSolutionNode = FALSE
	EndGlobalSection
	GlobalSection(ExtensibilityGlobals) = postSolution
		SolutionGuid = {B13CCF3A-7EF7-4715-AEA3-DC5BC45FBE09}
	EndGlobalSection
EndGlobal
